<Solution>
  <Project Path="Part-1-Basics/Level-03-Hello-World/ConsolasAndTelim/ConsolasAndTelim.csproj" />
  <Project Path="Part-1-Basics/Level-03-Hello-World/HelloWorld/HelloWorld.csproj" Id="3515ac7a-0071-4ef7-93ac-29550397ee57" />
  <Project Path="Part-1-Basics/Level-03-Hello-World/TheMakingsOfAProgrammer/TheMakingsOfAProgrammer.csproj" Id="d1d7e6a3-b628-4adc-b0a9-ad9dd07bc0f4" />
  <Project Path="Part-1-Basics/Level-03-Hello-World/WhatComesNext/WhatComesNext.csproj" Id="7e41e19d-c2c7-411b-be13-514ed2ac8642" />
  <Project Path="Part-1-Basics/Level-04-Comments/TheThingNamer3000/TheThingNamer3000.csproj" Id="75f702ae-40bf-405b-ae44-c54dbf6f3c59" />
</Solution>
